
Microsoft Visual Studio Solution File, Format Version 12.00
# Visual Studio Version 16
VisualStudioVersion = 16.0.31624.102
MinimumVisualStudioVersion = 10.0.40219.1
Project("{FAE04EC0-301F-11D3-BF4B-00C04F79EFBC}") = "Mihalich-zver", "Mihalich-zver.csproj", "{8B865E77-489F-4C5A-BF63-09EA4F7E3AA5}"
EndProject
Global
	GlobalSection(SolutionConfigurationPlatforms) = preSolution
		Debug|Any CPU = Debug|Any CPU
		Release|Any CPU = Release|Any CPU
	EndGlobalSection
	GlobalSection(ProjectConfigurationPlatforms) = postSolution
		{8B865E77-489F-4C5A-BF63-09EA4F7E3AA5}.Debug|Any CPU.ActiveCfg = Debug|Any CPU
		{8B865E77-489F-4C5A-BF63-09EA4F7E3AA5}.Debug|Any CPU.Build.0 = Debug|Any CPU
		{8B865E77-489F-4C5A-BF63-09EA4F7E3AA5}.Release|Any CPU.ActiveCfg = Release|Any CPU
		{8B865E77-489F-4C5A-BF63-09EA4F7E3AA5}.Release|Any CPU.Build.0 = Release|Any CPU
	EndGlobalSection
	GlobalSection(SolutionProperties) = preSolution
		HideSolutionNode = FALSE
	EndGlobalSection
	GlobalSection(ExtensibilityGlobals) = postSolution
		SolutionGuid = {BDA761DA-62E7-4A97-ABB0-C05935B96762}
	EndGlobalSection
EndGlobal
